
Microsoft Visual Studio Solution File, Format Version 12.00
# Visual Studio Version 16
VisualStudioVersion = 16.0.30717.126
MinimumVisualStudioVersion = 10.0.40219.1
Project("{FAE04EC0-301F-11D3-BF4B-00C04F79EFBC}") = "StreamLesson", "StreamLesson\StreamLesson.csproj", "{EAB34BAA-DDE6-4F6B-B8E7-C2DE51DD8B3E}"
EndProject
Global
	GlobalSection(SolutionConfigurationPlatforms) = preSolution
		Debug|Any CPU = Debug|Any CPU
		Release|Any CPU = Release|Any CPU
	EndGlobalSection
	GlobalSection(ProjectConfigurationPlatforms) = postSolution
		{EAB34BAA-DDE6-4F6B-B8E7-C2DE51DD8B3E}.Debug|Any CPU.ActiveCfg = Debug|Any CPU
		{EAB34BAA-DDE6-4F6B-B8E7-C2DE51DD8B3E}.Debug|Any CPU.Build.0 = Debug|Any CPU
		{EAB34BAA-DDE6-4F6B-B8E7-C2DE51DD8B3E}.Release|Any CPU.ActiveCfg = Release|Any CPU
		{EAB34BAA-DDE6-4F6B-B8E7-C2DE51DD8B3E}.Release|Any CPU.Build.0 = Release|Any CPU
	EndGlobalSection
	GlobalSection(SolutionProperties) = preSolution
		HideSolutionNode = FALSE
	EndGlobalSection
	GlobalSection(ExtensibilityGlobals) = postSolution
		SolutionGuid = {E3CEAA87-C8B6-4AEC-A5D7-DCD5CECCCE5A}
	EndGlobalSection
EndGlobal
